
Microsoft Visual Studio Solution File, Format Version 12.00
# Visual Studio Version 17
VisualStudioVersion = 17.10.34928.147
MinimumVisualStudioVersion = 10.0.40219.1
Project("{9A19103F-16F7-4668-BE54-9A1E7A4F7556}") = "UserApi", "UserApi\UserApi.csproj", "{F8AAB9B0-0821-498E-A5CE-34EDE57F4DE1}"
EndProject
Project("{2150E333-8FDC-42A3-9474-1A3956D46DE8}") = "Microservices", "Microservices", "{74326A07-A141-4EB0-A6A0-5BA2D1CC2E16}"
EndProject
Project("{2150E333-8FDC-42A3-9474-1A3956D46DE8}") = "Infrastructure", "Infrastructure", "{F6EC37C3-7BC7-4096-9D71-89EA73C68532}"
EndProject
Project("{9A19103F-16F7-4668-BE54-9A1E7A4F7556}") = "Shared", "Shared\Shared.csproj", "{5568B08A-81DD-4436-80F2-B2205AA346FE}"
EndProject
Project("{9A19103F-16F7-4668-BE54-9A1E7A4F7556}") = "Authentication", "Authentication\Authentication.csproj", "{EEA37131-F730-457C-AF27-2A8E1A1AC59A}"
EndProject
Project("{9A19103F-16F7-4668-BE54-9A1E7A4F7556}") = "LibraryApi", "LibraryApi\LibraryApi.csproj", "{6D05B206-2FE3-4B4E-9A8A-4AA6D0FC595D}"
EndProject
Project("{9A19103F-16F7-4668-BE54-9A1E7A4F7556}") = "AuthenticationTests", "..\..\test\ELibrary.UnitTests\ELibrary.UnitTests.Backend\AuthenticationTests\AuthenticationTests.csproj", "{668241EB-DF72-413D-9434-DF75A9484F42}"
EndProject
Project("{2150E333-8FDC-42A3-9474-1A3956D46DE8}") = "UnitTests", "UnitTests", "{BC39F68B-BF22-4DF8-97DD-821A9052F233}"
EndProject
Project("{9A19103F-16F7-4668-BE54-9A1E7A4F7556}") = "SharedTests", "..\..\test\ELibrary.UnitTests\ELibrary.UnitTests.Backend\SharedTests\SharedTests.csproj", "{2755EF26-3054-499E-BE1B-7EDB587F483A}"
EndProject
Project("{9A19103F-16F7-4668-BE54-9A1E7A4F7556}") = "LibraryApiTests", "..\..\test\ELibrary.UnitTests\ELibrary.UnitTests.Backend\LibraryApiTests\LibraryApiTests.csproj", "{29E2FA09-E3BA-48B8-914C-3DD50BEB9825}"
EndProject
Project("{9A19103F-16F7-4668-BE54-9A1E7A4F7556}") = "UserApiTests", "..\..\test\ELibrary.UnitTests\ELibrary.UnitTests.Backend\UserApiTests\UserApiTests.csproj", "{BBA423E5-0D1F-45AB-B0AF-68560E9E4DA3}"
EndProject
Project("{9A19103F-16F7-4668-BE54-9A1E7A4F7556}") = "UserEntities", "UserEntities\UserEntities.csproj", "{B9A49A70-8701-47B2-97B5-A7CEC9D721F8}"
EndProject
Project("{9A19103F-16F7-4668-BE54-9A1E7A4F7556}") = "LibraryShopEntities", "LibraryShopEntities\LibraryShopEntities.csproj", "{6181464A-B0E8-4FF2-ABA3-52502DF8FB63}"
EndProject
Project("{9A19103F-16F7-4668-BE54-9A1E7A4F7556}") = "ShopApi", "ShopApi\ShopApi.csproj", "{354A75F2-61AD-4A01-BF72-CF90774F153A}"
EndProject
Project("{E53339B2-1760-4266-BCC7-CA923CBCF16C}") = "docker-compose", "docker-compose.dcproj", "{22576602-AE6C-4768-9CD2-A38A824F4EBB}"
EndProject
Project("{9A19103F-16F7-4668-BE54-9A1E7A4F7556}") = "ShopApiTests", "..\..\test\ELibrary.UnitTests\ELibrary.UnitTests.Backend\ShopApiTests\ShopApiTests.csproj", "{6D4A400B-DE39-431B-B89E-56CD90850B9E}"
EndProject
Project("{9A19103F-16F7-4668-BE54-9A1E7A4F7556}") = "EventSourcing", "EventSourcing\EventSourcing.csproj", "{013CA156-9680-4A16-AE68-4DE3A243DFDE}"
EndProject
Project("{9A19103F-16F7-4668-BE54-9A1E7A4F7556}") = "EventSourcingTests", "..\..\test\ELibrary.UnitTests\ELibrary.UnitTests.Backend\EventSourcingTests\EventSourcingTests.csproj", "{0BF29587-23E9-4863-8C73-CC4768058CC2}"
EndProject
Project("{2150E333-8FDC-42A3-9474-1A3956D46DE8}") = "Tests", "Tests", "{FA844E88-95AC-470C-9206-C50483DA030F}"
EndProject
Project("{2150E333-8FDC-42A3-9474-1A3956D46DE8}") = "IntegrationTests", "IntegrationTests", "{26055660-4C2C-4B67-9E89-F4F196910DE7}"
EndProject
Project("{9A19103F-16F7-4668-BE54-9A1E7A4F7556}") = "LibraryApi.IntegrationTests", "..\..\test\ELibrary.IntegrationTests\LibraryApi.IntegrationTests\LibraryApi.IntegrationTests.csproj", "{B2ED1842-D6AD-40F0-8011-682E47C1368D}"
EndProject
Project("{9A19103F-16F7-4668-BE54-9A1E7A4F7556}") = "UserApi.IntegrationTests", "..\..\test\ELibrary.IntegrationTests\UserApi.IntegrationTests\UserApi.IntegrationTests.csproj", "{C4F6919C-4E20-485F-9B58-CE76AD1E31B8}"
EndProject
Project("{9A19103F-16F7-4668-BE54-9A1E7A4F7556}") = "ShopApi.IntegrationTests", "..\..\test\ELibrary.IntegrationTests\ShopApi.IntegrationTests\ShopApi.IntegrationTests.csproj", "{029E3125-001D-4F01-AF9B-CF2F881CA635}"
EndProject
Project("{FAE04EC0-301F-11D3-BF4B-00C04F79EFBC}") = "Pagination", "Pagination\Pagination.csproj", "{06CCA545-0223-4919-B4B4-9078290D4AC5}"
EndProject
Project("{FAE04EC0-301F-11D3-BF4B-00C04F79EFBC}") = "PaginationTests", "..\..\test\ELibrary.UnitTests\ELibrary.UnitTests.Backend\PaginationTests\PaginationTests.csproj", "{C86C0F42-DB57-4F37-8FB3-E30A70C26F04}"
EndProject
Project("{FAE04EC0-301F-11D3-BF4B-00C04F79EFBC}") = "ExceptionHandling", "ExceptionHandling\ExceptionHandling.csproj", "{590CDD1A-2FB6-4AB0-B682-8AB014BBAFD8}"
EndProject
Project("{FAE04EC0-301F-11D3-BF4B-00C04F79EFBC}") = "ExceptionHandlingTests", "..\..\test\ELibrary.UnitTests\ELibrary.UnitTests.Backend\ExceptionHandlingTests\ExceptionHandlingTests.csproj", "{097D6DE6-51B4-4F6C-8A7E-3CD4EE17DF45}"
EndProject
Project("{FAE04EC0-301F-11D3-BF4B-00C04F79EFBC}") = "Caching", "Caching\Caching.csproj", "{1D74782D-C4B5-4D0D-B705-E79960F44EAF}"
EndProject
Project("{FAE04EC0-301F-11D3-BF4B-00C04F79EFBC}") = "CachingTestss", "..\..\test\ELibrary.UnitTests\ELibrary.UnitTests.Backend\CachingTestss\CachingTestss.csproj", "{C9959405-8A2E-4DF3-BC52-36951D3D1EFC}"
EndProject
Project("{FAE04EC0-301F-11D3-BF4B-00C04F79EFBC}") = "Resilience", "Resilience\Resilience.csproj", "{F41CF65F-EDE0-4F51-8A0D-B6A07A63C144}"
EndProject
Project("{FAE04EC0-301F-11D3-BF4B-00C04F79EFBC}") = "Logging", "Logging\Logging.csproj", "{5E6E227A-386F-4F37-B21E-45FB292F340B}"
EndProject
Project("{FAE04EC0-301F-11D3-BF4B-00C04F79EFBC}") = "DatabaseControl", "DatabaseControl\DatabaseControl.csproj", "{FEC3C112-3C38-4DE4-83EB-570E1A1600B0}"
EndProject
Project("{FAE04EC0-301F-11D3-BF4B-00C04F79EFBC}") = "DatabaseControlTests", "..\..\test\ELibrary.UnitTests\ELibrary.UnitTests.Backend\DatabaseControlTests\DatabaseControlTests.csproj", "{80D7B133-D382-4AFE-9DA8-25300141C71E}"
EndProject
Project("{FAE04EC0-301F-11D3-BF4B-00C04F79EFBC}") = "LibraryShopEntitiesTests", "..\..\test\ELibrary.UnitTests\ELibrary.UnitTests.Backend\LibraryShopEntitiesTests\LibraryShopEntitiesTests.csproj", "{8DFCCD7B-8EE6-4BE9-BDD3-E187BFCE817F}"
EndProject
Global
	GlobalSection(SolutionConfigurationPlatforms) = preSolution
		Debug|Any CPU = Debug|Any CPU
		Release|Any CPU = Release|Any CPU
	EndGlobalSection
	GlobalSection(ProjectConfigurationPlatforms) = postSolution
		{F8AAB9B0-0821-498E-A5CE-34EDE57F4DE1}.Debug|Any CPU.ActiveCfg = Debug|Any CPU
		{F8AAB9B0-0821-498E-A5CE-34EDE57F4DE1}.Debug|Any CPU.Build.0 = Debug|Any CPU
		{F8AAB9B0-0821-498E-A5CE-34EDE57F4DE1}.Release|Any CPU.ActiveCfg = Release|Any CPU
		{F8AAB9B0-0821-498E-A5CE-34EDE57F4DE1}.Release|Any CPU.Build.0 = Release|Any CPU
		{5568B08A-81DD-4436-80F2-B2205AA346FE}.Debug|Any CPU.ActiveCfg = Debug|Any CPU
		{5568B08A-81DD-4436-80F2-B2205AA346FE}.Debug|Any CPU.Build.0 = Debug|Any CPU
		{5568B08A-81DD-4436-80F2-B2205AA346FE}.Release|Any CPU.ActiveCfg = Release|Any CPU
		{5568B08A-81DD-4436-80F2-B2205AA346FE}.Release|Any CPU.Build.0 = Release|Any CPU
		{EEA37131-F730-457C-AF27-2A8E1A1AC59A}.Debug|Any CPU.ActiveCfg = Debug|Any CPU
		{EEA37131-F730-457C-AF27-2A8E1A1AC59A}.Debug|Any CPU.Build.0 = Debug|Any CPU
		{EEA37131-F730-457C-AF27-2A8E1A1AC59A}.Release|Any CPU.ActiveCfg = Release|Any CPU
		{EEA37131-F730-457C-AF27-2A8E1A1AC59A}.Release|Any CPU.Build.0 = Release|Any CPU
		{6D05B206-2FE3-4B4E-9A8A-4AA6D0FC595D}.Debug|Any CPU.ActiveCfg = Debug|Any CPU
		{6D05B206-2FE3-4B4E-9A8A-4AA6D0FC595D}.Debug|Any CPU.Build.0 = Debug|Any CPU
		{6D05B206-2FE3-4B4E-9A8A-4AA6D0FC595D}.Release|Any CPU.ActiveCfg = Release|Any CPU
		{6D05B206-2FE3-4B4E-9A8A-4AA6D0FC595D}.Release|Any CPU.Build.0 = Release|Any CPU
		{668241EB-DF72-413D-9434-DF75A9484F42}.Debug|Any CPU.ActiveCfg = Debug|Any CPU
		{668241EB-DF72-413D-9434-DF75A9484F42}.Debug|Any CPU.Build.0 = Debug|Any CPU
		{668241EB-DF72-413D-9434-DF75A9484F42}.Release|Any CPU.ActiveCfg = Release|Any CPU
		{668241EB-DF72-413D-9434-DF75A9484F42}.Release|Any CPU.Build.0 = Release|Any CPU
		{2755EF26-3054-499E-BE1B-7EDB587F483A}.Debug|Any CPU.ActiveCfg = Debug|Any CPU
		{2755EF26-3054-499E-BE1B-7EDB587F483A}.Debug|Any CPU.Build.0 = Debug|Any CPU
		{2755EF26-3054-499E-BE1B-7EDB587F483A}.Release|Any CPU.ActiveCfg = Release|Any CPU
		{2755EF26-3054-499E-BE1B-7EDB587F483A}.Release|Any CPU.Build.0 = Release|Any CPU
		{29E2FA09-E3BA-48B8-914C-3DD50BEB9825}.Debug|Any CPU.ActiveCfg = Debug|Any CPU
		{29E2FA09-E3BA-48B8-914C-3DD50BEB9825}.Debug|Any CPU.Build.0 = Debug|Any CPU
		{29E2FA09-E3BA-48B8-914C-3DD50BEB9825}.Release|Any CPU.ActiveCfg = Release|Any CPU
		{29E2FA09-E3BA-48B8-914C-3DD50BEB9825}.Release|Any CPU.Build.0 = Release|Any CPU
		{BBA423E5-0D1F-45AB-B0AF-68560E9E4DA3}.Debug|Any CPU.ActiveCfg = Debug|Any CPU
		{BBA423E5-0D1F-45AB-B0AF-68560E9E4DA3}.Debug|Any CPU.Build.0 = Debug|Any CPU
		{BBA423E5-0D1F-45AB-B0AF-68560E9E4DA3}.Release|Any CPU.ActiveCfg = Release|Any CPU
		{BBA423E5-0D1F-45AB-B0AF-68560E9E4DA3}.Release|Any CPU.Build.0 = Release|Any CPU
		{B9A49A70-8701-47B2-97B5-A7CEC9D721F8}.Debug|Any CPU.ActiveCfg = Debug|Any CPU
		{B9A49A70-8701-47B2-97B5-A7CEC9D721F8}.Debug|Any CPU.Build.0 = Debug|Any CPU
		{B9A49A70-8701-47B2-97B5-A7CEC9D721F8}.Release|Any CPU.ActiveCfg = Release|Any CPU
		{B9A49A70-8701-47B2-97B5-A7CEC9D721F8}.Release|Any CPU.Build.0 = Release|Any CPU
		{6181464A-B0E8-4FF2-ABA3-52502DF8FB63}.Debug|Any CPU.ActiveCfg = Debug|Any CPU
		{6181464A-B0E8-4FF2-ABA3-52502DF8FB63}.Debug|Any CPU.Build.0 = Debug|Any CPU
		{6181464A-B0E8-4FF2-ABA3-52502DF8FB63}.Release|Any CPU.ActiveCfg = Release|Any CPU
		{6181464A-B0E8-4FF2-ABA3-52502DF8FB63}.Release|Any CPU.Build.0 = Release|Any CPU
		{354A75F2-61AD-4A01-BF72-CF90774F153A}.Debug|Any CPU.ActiveCfg = Debug|Any CPU
		{354A75F2-61AD-4A01-BF72-CF90774F153A}.Debug|Any CPU.Build.0 = Debug|Any CPU
		{354A75F2-61AD-4A01-BF72-CF90774F153A}.Release|Any CPU.ActiveCfg = Release|Any CPU
		{354A75F2-61AD-4A01-BF72-CF90774F153A}.Release|Any CPU.Build.0 = Release|Any CPU
		{22576602-AE6C-4768-9CD2-A38A824F4EBB}.Debug|Any CPU.ActiveCfg = Debug|Any CPU
		{22576602-AE6C-4768-9CD2-A38A824F4EBB}.Debug|Any CPU.Build.0 = Debug|Any CPU
		{22576602-AE6C-4768-9CD2-A38A824F4EBB}.Release|Any CPU.ActiveCfg = Release|Any CPU
		{22576602-AE6C-4768-9CD2-A38A824F4EBB}.Release|Any CPU.Build.0 = Release|Any CPU
		{6D4A400B-DE39-431B-B89E-56CD90850B9E}.Debug|Any CPU.ActiveCfg = Debug|Any CPU
		{6D4A400B-DE39-431B-B89E-56CD90850B9E}.Debug|Any CPU.Build.0 = Debug|Any CPU
		{6D4A400B-DE39-431B-B89E-56CD90850B9E}.Release|Any CPU.ActiveCfg = Release|Any CPU
		{6D4A400B-DE39-431B-B89E-56CD90850B9E}.Release|Any CPU.Build.0 = Release|Any CPU
		{013CA156-9680-4A16-AE68-4DE3A243DFDE}.Debug|Any CPU.ActiveCfg = Debug|Any CPU
		{013CA156-9680-4A16-AE68-4DE3A243DFDE}.Debug|Any CPU.Build.0 = Debug|Any CPU
		{013CA156-9680-4A16-AE68-4DE3A243DFDE}.Release|Any CPU.ActiveCfg = Release|Any CPU
		{013CA156-9680-4A16-AE68-4DE3A243DFDE}.Release|Any CPU.Build.0 = Release|Any CPU
		{0BF29587-23E9-4863-8C73-CC4768058CC2}.Debug|Any CPU.ActiveCfg = Debug|Any CPU
		{0BF29587-23E9-4863-8C73-CC4768058CC2}.Debug|Any CPU.Build.0 = Debug|Any CPU
		{0BF29587-23E9-4863-8C73-CC4768058CC2}.Release|Any CPU.ActiveCfg = Release|Any CPU
		{0BF29587-23E9-4863-8C73-CC4768058CC2}.Release|Any CPU.Build.0 = Release|Any CPU
		{B2ED1842-D6AD-40F0-8011-682E47C1368D}.Debug|Any CPU.ActiveCfg = Debug|Any CPU
		{B2ED1842-D6AD-40F0-8011-682E47C1368D}.Debug|Any CPU.Build.0 = Debug|Any CPU
		{B2ED1842-D6AD-40F0-8011-682E47C1368D}.Release|Any CPU.ActiveCfg = Release|Any CPU
		{B2ED1842-D6AD-40F0-8011-682E47C1368D}.Release|Any CPU.Build.0 = Release|Any CPU
		{C4F6919C-4E20-485F-9B58-CE76AD1E31B8}.Debug|Any CPU.ActiveCfg = Debug|Any CPU
		{C4F6919C-4E20-485F-9B58-CE76AD1E31B8}.Debug|Any CPU.Build.0 = Debug|Any CPU
		{C4F6919C-4E20-485F-9B58-CE76AD1E31B8}.Release|Any CPU.ActiveCfg = Release|Any CPU
		{C4F6919C-4E20-485F-9B58-CE76AD1E31B8}.Release|Any CPU.Build.0 = Release|Any CPU
		{029E3125-001D-4F01-AF9B-CF2F881CA635}.Debug|Any CPU.ActiveCfg = Debug|Any CPU
		{029E3125-001D-4F01-AF9B-CF2F881CA635}.Debug|Any CPU.Build.0 = Debug|Any CPU
		{029E3125-001D-4F01-AF9B-CF2F881CA635}.Release|Any CPU.ActiveCfg = Release|Any CPU
		{029E3125-001D-4F01-AF9B-CF2F881CA635}.Release|Any CPU.Build.0 = Release|Any CPU
		{06CCA545-0223-4919-B4B4-9078290D4AC5}.Debug|Any CPU.ActiveCfg = Debug|Any CPU
		{06CCA545-0223-4919-B4B4-9078290D4AC5}.Debug|Any CPU.Build.0 = Debug|Any CPU
		{06CCA545-0223-4919-B4B4-9078290D4AC5}.Release|Any CPU.ActiveCfg = Release|Any CPU
		{06CCA545-0223-4919-B4B4-9078290D4AC5}.Release|Any CPU.Build.0 = Release|Any CPU
		{C86C0F42-DB57-4F37-8FB3-E30A70C26F04}.Debug|Any CPU.ActiveCfg = Debug|Any CPU
		{C86C0F42-DB57-4F37-8FB3-E30A70C26F04}.Debug|Any CPU.Build.0 = Debug|Any CPU
		{C86C0F42-DB57-4F37-8FB3-E30A70C26F04}.Release|Any CPU.ActiveCfg = Release|Any CPU
		{C86C0F42-DB57-4F37-8FB3-E30A70C26F04}.Release|Any CPU.Build.0 = Release|Any CPU
		{590CDD1A-2FB6-4AB0-B682-8AB014BBAFD8}.Debug|Any CPU.ActiveCfg = Debug|Any CPU
		{590CDD1A-2FB6-4AB0-B682-8AB014BBAFD8}.Debug|Any CPU.Build.0 = Debug|Any CPU
		{590CDD1A-2FB6-4AB0-B682-8AB014BBAFD8}.Release|Any CPU.ActiveCfg = Release|Any CPU
		{590CDD1A-2FB6-4AB0-B682-8AB014BBAFD8}.Release|Any CPU.Build.0 = Release|Any CPU
		{097D6DE6-51B4-4F6C-8A7E-3CD4EE17DF45}.Debug|Any CPU.ActiveCfg = Debug|Any CPU
		{097D6DE6-51B4-4F6C-8A7E-3CD4EE17DF45}.Debug|Any CPU.Build.0 = Debug|Any CPU
		{097D6DE6-51B4-4F6C-8A7E-3CD4EE17DF45}.Release|Any CPU.ActiveCfg = Release|Any CPU
		{097D6DE6-51B4-4F6C-8A7E-3CD4EE17DF45}.Release|Any CPU.Build.0 = Release|Any CPU
		{1D74782D-C4B5-4D0D-B705-E79960F44EAF}.Debug|Any CPU.ActiveCfg = Debug|Any CPU
		{1D74782D-C4B5-4D0D-B705-E79960F44EAF}.Debug|Any CPU.Build.0 = Debug|Any CPU
		{1D74782D-C4B5-4D0D-B705-E79960F44EAF}.Release|Any CPU.ActiveCfg = Release|Any CPU
		{1D74782D-C4B5-4D0D-B705-E79960F44EAF}.Release|Any CPU.Build.0 = Release|Any CPU
		{C9959405-8A2E-4DF3-BC52-36951D3D1EFC}.Debug|Any CPU.ActiveCfg = Debug|Any CPU
		{C9959405-8A2E-4DF3-BC52-36951D3D1EFC}.Debug|Any CPU.Build.0 = Debug|Any CPU
		{C9959405-8A2E-4DF3-BC52-36951D3D1EFC}.Release|Any CPU.ActiveCfg = Release|Any CPU
		{C9959405-8A2E-4DF3-BC52-36951D3D1EFC}.Release|Any CPU.Build.0 = Release|Any CPU
		{F41CF65F-EDE0-4F51-8A0D-B6A07A63C144}.Debug|Any CPU.ActiveCfg = Debug|Any CPU
		{F41CF65F-EDE0-4F51-8A0D-B6A07A63C144}.Debug|Any CPU.Build.0 = Debug|Any CPU
		{F41CF65F-EDE0-4F51-8A0D-B6A07A63C144}.Release|Any CPU.ActiveCfg = Release|Any CPU
		{F41CF65F-EDE0-4F51-8A0D-B6A07A63C144}.Release|Any CPU.Build.0 = Release|Any CPU
		{5E6E227A-386F-4F37-B21E-45FB292F340B}.Debug|Any CPU.ActiveCfg = Debug|Any CPU
		{5E6E227A-386F-4F37-B21E-45FB292F340B}.Debug|Any CPU.Build.0 = Debug|Any CPU
		{5E6E227A-386F-4F37-B21E-45FB292F340B}.Release|Any CPU.ActiveCfg = Release|Any CPU
		{5E6E227A-386F-4F37-B21E-45FB292F340B}.Release|Any CPU.Build.0 = Release|Any CPU
		{FEC3C112-3C38-4DE4-83EB-570E1A1600B0}.Debug|Any CPU.ActiveCfg = Debug|Any CPU
		{FEC3C112-3C38-4DE4-83EB-570E1A1600B0}.Debug|Any CPU.Build.0 = Debug|Any CPU
		{FEC3C112-3C38-4DE4-83EB-570E1A1600B0}.Release|Any CPU.ActiveCfg = Release|Any CPU
		{FEC3C112-3C38-4DE4-83EB-570E1A1600B0}.Release|Any CPU.Build.0 = Release|Any CPU
		{80D7B133-D382-4AFE-9DA8-25300141C71E}.Debug|Any CPU.ActiveCfg = Debug|Any CPU
		{80D7B133-D382-4AFE-9DA8-25300141C71E}.Debug|Any CPU.Build.0 = Debug|Any CPU
		{80D7B133-D382-4AFE-9DA8-25300141C71E}.Release|Any CPU.ActiveCfg = Release|Any CPU
		{80D7B133-D382-4AFE-9DA8-25300141C71E}.Release|Any CPU.Build.0 = Release|Any CPU
		{8DFCCD7B-8EE6-4BE9-BDD3-E187BFCE817F}.Debug|Any CPU.ActiveCfg = Debug|Any CPU
		{8DFCCD7B-8EE6-4BE9-BDD3-E187BFCE817F}.Debug|Any CPU.Build.0 = Debug|Any CPU
		{8DFCCD7B-8EE6-4BE9-BDD3-E187BFCE817F}.Release|Any CPU.ActiveCfg = Release|Any CPU
		{8DFCCD7B-8EE6-4BE9-BDD3-E187BFCE817F}.Release|Any CPU.Build.0 = Release|Any CPU
	EndGlobalSection
	GlobalSection(SolutionProperties) = preSolution
		HideSolutionNode = FALSE
	EndGlobalSection
	GlobalSection(NestedProjects) = preSolution
		{F8AAB9B0-0821-498E-A5CE-34EDE57F4DE1} = {74326A07-A141-4EB0-A6A0-5BA2D1CC2E16}
		{5568B08A-81DD-4436-80F2-B2205AA346FE} = {F6EC37C3-7BC7-4096-9D71-89EA73C68532}
		{EEA37131-F730-457C-AF27-2A8E1A1AC59A} = {F6EC37C3-7BC7-4096-9D71-89EA73C68532}
		{6D05B206-2FE3-4B4E-9A8A-4AA6D0FC595D} = {74326A07-A141-4EB0-A6A0-5BA2D1CC2E16}
		{668241EB-DF72-413D-9434-DF75A9484F42} = {BC39F68B-BF22-4DF8-97DD-821A9052F233}
		{BC39F68B-BF22-4DF8-97DD-821A9052F233} = {FA844E88-95AC-470C-9206-C50483DA030F}
		{2755EF26-3054-499E-BE1B-7EDB587F483A} = {BC39F68B-BF22-4DF8-97DD-821A9052F233}
		{29E2FA09-E3BA-48B8-914C-3DD50BEB9825} = {BC39F68B-BF22-4DF8-97DD-821A9052F233}
		{BBA423E5-0D1F-45AB-B0AF-68560E9E4DA3} = {BC39F68B-BF22-4DF8-97DD-821A9052F233}
		{B9A49A70-8701-47B2-97B5-A7CEC9D721F8} = {F6EC37C3-7BC7-4096-9D71-89EA73C68532}
		{6181464A-B0E8-4FF2-ABA3-52502DF8FB63} = {F6EC37C3-7BC7-4096-9D71-89EA73C68532}
		{354A75F2-61AD-4A01-BF72-CF90774F153A} = {74326A07-A141-4EB0-A6A0-5BA2D1CC2E16}
		{6D4A400B-DE39-431B-B89E-56CD90850B9E} = {BC39F68B-BF22-4DF8-97DD-821A9052F233}
		{013CA156-9680-4A16-AE68-4DE3A243DFDE} = {F6EC37C3-7BC7-4096-9D71-89EA73C68532}
		{0BF29587-23E9-4863-8C73-CC4768058CC2} = {BC39F68B-BF22-4DF8-97DD-821A9052F233}
		{26055660-4C2C-4B67-9E89-F4F196910DE7} = {FA844E88-95AC-470C-9206-C50483DA030F}
		{B2ED1842-D6AD-40F0-8011-682E47C1368D} = {26055660-4C2C-4B67-9E89-F4F196910DE7}
		{C4F6919C-4E20-485F-9B58-CE76AD1E31B8} = {26055660-4C2C-4B67-9E89-F4F196910DE7}
		{029E3125-001D-4F01-AF9B-CF2F881CA635} = {26055660-4C2C-4B67-9E89-F4F196910DE7}
		{06CCA545-0223-4919-B4B4-9078290D4AC5} = {F6EC37C3-7BC7-4096-9D71-89EA73C68532}
		{C86C0F42-DB57-4F37-8FB3-E30A70C26F04} = {BC39F68B-BF22-4DF8-97DD-821A9052F233}
		{590CDD1A-2FB6-4AB0-B682-8AB014BBAFD8} = {F6EC37C3-7BC7-4096-9D71-89EA73C68532}
		{097D6DE6-51B4-4F6C-8A7E-3CD4EE17DF45} = {BC39F68B-BF22-4DF8-97DD-821A9052F233}
		{1D74782D-C4B5-4D0D-B705-E79960F44EAF} = {F6EC37C3-7BC7-4096-9D71-89EA73C68532}
		{C9959405-8A2E-4DF3-BC52-36951D3D1EFC} = {BC39F68B-BF22-4DF8-97DD-821A9052F233}
		{F41CF65F-EDE0-4F51-8A0D-B6A07A63C144} = {F6EC37C3-7BC7-4096-9D71-89EA73C68532}
		{5E6E227A-386F-4F37-B21E-45FB292F340B} = {F6EC37C3-7BC7-4096-9D71-89EA73C68532}
		{FEC3C112-3C38-4DE4-83EB-570E1A1600B0} = {F6EC37C3-7BC7-4096-9D71-89EA73C68532}
		{80D7B133-D382-4AFE-9DA8-25300141C71E} = {BC39F68B-BF22-4DF8-97DD-821A9052F233}
		{8DFCCD7B-8EE6-4BE9-BDD3-E187BFCE817F} = {BC39F68B-BF22-4DF8-97DD-821A9052F233}
	EndGlobalSection
	GlobalSection(ExtensibilityGlobals) = postSolution
		SolutionGuid = {46CD49B7-9462-4D60-AD15-25B9C962F44B}
	EndGlobalSection
EndGlobal
